// !$*UTF8*$!
{
	archiveVersion = 1;
	classes = {
	};
	objectVersion = 56;
	objects = {

/* Begin PBXBuildFile section */
		3CDFF56E2CB9908800139E7A /* Test_low_versionApp.swift in Sources */ = {isa = PBXBuildFile; fileRef = 3CDFF56D2CB9908800139E7A /* Test_low_versionApp.swift */; };
		3CDFF5702CB9908800139E7A /* ContentView.swift in Sources */ = {isa = PBXBuildFile; fileRef = 3CDFF56F2CB9908800139E7A /* ContentView.swift */; };
		3CDFF5722CB9908C00139E7A /* Assets.xcassets in Resources */ = {isa = PBXBuildFile; fileRef = 3CDFF5712CB9908C00139E7A /* Assets.xcassets */; };
		3CDFF5762CB9908D00139E7A /* Preview Assets.xcassets in Resources */ = {isa = PBXBuildFile; fileRef = 3CDFF5752CB9908D00139E7A /* Preview Assets.xcassets */; };
		3CDFF5802CB9908D00139E7A /* Test_low_versionTests.swift in Sources */ = {isa = PBXBuildFile; fileRef = 3CDFF57F2CB9908D00139E7A /* Test_low_versionTests.swift */; };
		3CDFF58A2CB9908E00139E7A /* Test_low_versionUITests.swift in Sources */ = {isa = PBXBuildFile; fileRef = 3CDFF5892CB9908E00139E7A /* Test_low_versionUITests.swift */; };
		3CDFF58C2CB9908E00139E7A /* Test_low_versionUITestsLaunchTests.swift in Sources */ = {isa = PBXBuildFile; fileRef = 3CDFF58B2CB9908E00139E7A /* Test_low_versionUITestsLaunchTests.swift */; };
/* End PBXBuildFile section */

/* Begin PBXContainerItemProxy section */
		3CDFF57C2CB9908D00139E7A /* PBXContainerItemProxy */ = {
			isa = PBXContainerItemProxy;
			containerPortal = 3CDFF5622CB9908700139E7A /* Project object */;
			proxyType = 1;
			remoteGlobalIDString = 3CDFF5692CB9908800139E7A;
			remoteInfo = "Test-low-version";
		};
		3CDFF5862CB9908E00139E7A /* PBXContainerItemProxy */ = {
			isa = PBXContainerItemProxy;
			containerPortal = 3CDFF5622CB9908700139E7A /* Project object */;
			proxyType = 1;
			remoteGlobalIDString = 3CDFF5692CB9908800139E7A;
			remoteInfo = "Test-low-version";
		};
/* End PBXContainerItemProxy section */

/* Begin PBXFileReference section */
		3CDFF56A2CB9908800139E7A /* Test-low-version.app */ = {isa = PBXFileReference; explicitFileType = wrapper.application; includeInIndex = 0; path = "Test-low-version.app"; sourceTree = BUILT_PRODUCTS_DIR; };
		3CDFF56D2CB9908800139E7A /* Test_low_versionApp.swift */ = {isa = PBXFileReference; lastKnownFileType = sourcecode.swift; path = Test_low_versionApp.swift; sourceTree = "<group>"; };
		3CDFF56F2CB9908800139E7A /* ContentView.swift */ = {isa = PBXFileReference; lastKnownFileType = sourcecode.swift; path = ContentView.swift; sourceTree = "<group>"; };
		3CDFF5712CB9908C00139E7A /* Assets.xcassets */ = {isa = PBXFileReference; lastKnownFileType = folder.assetcatalog; path = Assets.xcassets; sourceTree = "<group>"; };
		3CDFF5732CB9908D00139E7A /* Test_low_version.entitlements */ = {isa = PBXFileReference; lastKnownFileType = text.plist.entitlements; path = Test_low_version.entitlements; sourceTree = "<group>"; };
		3CDFF5752CB9908D00139E7A /* Preview Assets.xcassets */ = {isa = PBXFileReference; lastKnownFileType = folder.assetcatalog; path = "Preview Assets.xcassets"; sourceTree = "<group>"; };
		3CDFF57B2CB9908D00139E7A /* Test-low-versionTests.xctest */ = {isa = PBXFileReference; explicitFileType = wrapper.cfbundle; includeInIndex = 0; path = "Test-low-versionTests.xctest"; sourceTree = BUILT_PRODUCTS_DIR; };
		3CDFF57F2CB9908D00139E7A /* Test_low_versionTests.swift */ = {isa = PBXFileReference; lastKnownFileType = sourcecode.swift; path = Test_low_versionTests.swift; sourceTree = "<group>"; };
		3CDFF5852CB9908E00139E7A /* Test-low-versionUITests.xctest */ = {isa = PBXFileReference; explicitFileType = wrapper.cfbundle; includeInIndex = 0; path = "Test-low-versionUITests.xctest"; sourceTree = BUILT_PRODUCTS_DIR; };
		3CDFF5892CB9908E00139E7A /* Test_low_versionUITests.swift */ = {isa = PBXFileReference; lastKnownFileType = sourcecode.swift; path = Test_low_versionUITests.swift; sourceTree = "<group>"; };
		3CDFF58B2CB9908E00139E7A /* Test_low_versionUITestsLaunchTests.swift */ = {isa = PBXFileReference; lastKnownFileType = sourcecode.swift; path = Test_low_versionUITestsLaunchTests.swift; sourceTree = "<group>"; };
/* End PBXFileReference section */

/* Begin PBXFrameworksBuildPhase section */
		3CDFF5672CB9908800139E7A /* Frameworks */ = {
			isa = PBXFrameworksBuildPhase;
			buildActionMask = 2147483647;
			files = (
			);
			runOnlyForDeploymentPostprocessing = 0;
		};
		3CDFF5782CB9908D00139E7A /* Frameworks */ = {
			isa = PBXFrameworksBuildPhase;
			buildActionMask = 2147483647;
			files = (
			);
			runOnlyForDeploymentPostprocessing = 0;
		};
		3CDFF5822CB9908E00139E7A /* Frameworks */ = {
			isa = PBXFrameworksBuildPhase;
			buildActionMask = 2147483647;
			files = (
			);
			runOnlyForDeploymentPostprocessing = 0;
		};
/* End PBXFrameworksBuildPhase section */

/* Begin PBXGroup section */
		3CDFF5612CB9908700139E7A = {
			isa = PBXGroup;
			children = (
				3CDFF56C2CB9908800139E7A /* Test-low-version */,
				3CDFF57E2CB9908D00139E7A /* Test-low-versionTests */,
				3CDFF5882CB9908E00139E7A /* Test-low-versionUITests */,
				3CDFF56B2CB9908800139E7A /* Products */,
			);
			sourceTree = "<group>";
		};
		3CDFF56B2CB9908800139E7A /* Products */ = {
			isa = PBXGroup;
			children = (
				3CDFF56A2CB9908800139E7A /* Test-low-version.app */,
				3CDFF57B2CB9908D00139E7A /* Test-low-versionTests.xctest */,
				3CDFF5852CB9908E00139E7A /* Test-low-versionUITests.xctest */,
			);
			name = Products;
			sourceTree = "<group>";
		};
		3CDFF56C2CB9908800139E7A /* Test-low-version */ = {
			isa = PBXGroup;
			children = (
				3CDFF56D2CB9908800139E7A /* Test_low_versionApp.swift */,
				3CDFF56F2CB9908800139E7A /* ContentView.swift */,
				3CDFF5712CB9908C00139E7A /* Assets.xcassets */,
				3CDFF5732CB9908D00139E7A /* Test_low_version.entitlements */,
				3CDFF5742CB9908D00139E7A /* Preview Content */,
			);
			path = "Test-low-version";
			sourceTree = "<group>";
		};
		3CDFF5742CB9908D00139E7A /* Preview Content */ = {
			isa = PBXGroup;
			children = (
				3CDFF5752CB9908D00139E7A /* Preview Assets.xcassets */,
			);
			path = "Preview Content";
			sourceTree = "<group>";
		};
		3CDFF57E2CB9908D00139E7A /* Test-low-versionTests */ = {
			isa = PBXGroup;
			children = (
				3CDFF57F2CB9908D00139E7A /* Test_low_versionTests.swift */,
			);
			path = "Test-low-versionTests";
			sourceTree = "<group>";
		};
		3CDFF5882CB9908E00139E7A /* Test-low-versionUITests */ = {
			isa = PBXGroup;
			children = (
				3CDFF5892CB9908E00139E7A /* Test_low_versionUITests.swift */,
				3CDFF58B2CB9908E00139E7A /* Test_low_versionUITestsLaunchTests.swift */,
			);
			path = "Test-low-versionUITests";
			sourceTree = "<group>";
		};
/* End PBXGroup section */

/* Begin PBXNativeTarget section */
		3CDFF5692CB9908800139E7A /* Test-low-version */ = {
			isa = PBXNativeTarget;
			buildConfigurationList = 3CDFF58F2CB9908E00139E7A /* Build configuration list for PBXNativeTarget "Test-low-version" */;
			buildPhases = (
				3CDFF5662CB9908800139E7A /* Sources */,
				3CDFF5672CB9908800139E7A /* Frameworks */,
				3CDFF5682CB9908800139E7A /* Resources */,
			);
			buildRules = (
			);
			dependencies = (
			);
			name = "Test-low-version";
			productName = "Test-low-version";
			productReference = 3CDFF56A2CB9908800139E7A /* Test-low-version.app */;
			productType = "com.apple.product-type.application";
		};
		3CDFF57A2CB9908D00139E7A /* Test-low-versionTests */ = {
			isa = PBXNativeTarget;
			buildConfigurationList = 3CDFF5922CB9908E00139E7A /* Build configuration list for PBXNativeTarget "Test-low-versionTests" */;
			buildPhases = (
				3CDFF5772CB9908D00139E7A /* Sources */,
				3CDFF5782CB9908D00139E7A /* Frameworks */,
				3CDFF5792CB9908D00139E7A /* Resources */,
			);
			buildRules = (
			);
			dependencies = (
				3CDFF57D2CB9908D00139E7A /* PBXTargetDependency */,
			);
			name = "Test-low-versionTests";
			productName = "Test-low-versionTests";
			productReference = 3CDFF57B2CB9908D00139E7A /* Test-low-versionTests.xctest */;
			productType = "com.apple.product-type.bundle.unit-test";
		};
		3CDFF5842CB9908E00139E7A /* Test-low-versionUITests */ = {
			isa = PBXNativeTarget;
			buildConfigurationList = 3CDFF5952CB9908E00139E7A /* Build configuration list for PBXNativeTarget "Test-low-versionUITests" */;
			buildPhases = (
				3CDFF5812CB9908E00139E7A /* Sources */,
				3CDFF5822CB9908E00139E7A /* Frameworks */,
				3CDFF5832CB9908E00139E7A /* Resources */,
			);
			buildRules = (
			);
			dependencies = (
				3CDFF5872CB9908E00139E7A /* PBXTargetDependency */,
			);
			name = "Test-low-versionUITests";
			productName = "Test-low-versionUITests";
			productReference = 3CDFF5852CB9908E00139E7A /* Test-low-versionUITests.xctest */;
			productType = "com.apple.product-type.bundle.ui-testing";
		};
/* End PBXNativeTarget section */

/* Begin PBXProject section */
		3CDFF5622CB9908700139E7A /* Project object */ = {
			isa = PBXProject;
			attributes = {
				BuildIndependentTargetsInParallel = 1;
				LastSwiftUpdateCheck = 1430;
				LastUpgradeCheck = 1430;
				TargetAttributes = {
					3CDFF5692CB9908800139E7A = {
						CreatedOnToolsVersion = 14.3;
					};
					3CDFF57A2CB9908D00139E7A = {
						CreatedOnToolsVersion = 14.3;
						TestTargetID = 3CDFF5692CB9908800139E7A;
					};
					3CDFF5842CB9908E00139E7A = {
						CreatedOnToolsVersion = 14.3;
						TestTargetID = 3CDFF5692CB9908800139E7A;
					};
				};
			};
			buildConfigurationList = 3CDFF5652CB9908700139E7A /* Build configuration list for PBXProject "Test-low-version" */;
			compatibilityVersion = "Xcode 14.0";
			developmentRegion = en;
			hasScannedForEncodings = 0;
			knownRegions = (
				en,
				Base,
			);
			mainGroup = 3CDFF5612CB9908700139E7A;
			productRefGroup = 3CDFF56B2CB9908800139E7A /* Products */;
			projectDirPath = "";
			projectRoot = "";
			targets = (
				3CDFF5692CB9908800139E7A /* Test-low-version */,
				3CDFF57A2CB9908D00139E7A /* Test-low-versionTests */,
				3CDFF5842CB9908E00139E7A /* Test-low-versionUITests */,
			);
		};
/* End PBXProject section */

/* Begin PBXResourcesBuildPhase section */
		3CDFF5682CB9908800139E7A /* Resources */ = {
			isa = PBXResourcesBuildPhase;
			buildActionMask = 2147483647;
			files = (
				3CDFF5762CB9908D00139E7A /* Preview Assets.xcassets in Resources */,
				3CDFF5722CB9908C00139E7A /* Assets.xcassets in Resources */,
			);
			runOnlyForDeploymentPostprocessing = 0;
		};
		3CDFF5792CB9908D00139E7A /* Resources */ = {
			isa = PBXResourcesBuildPhase;
			buildActionMask = 2147483647;
			files = (
			);
			runOnlyForDeploymentPostprocessing = 0;
		};
		3CDFF5832CB9908E00139E7A /* Resources */ = {
			isa = PBXResourcesBuildPhase;
			buildActionMask = 2147483647;
			files = (
			);
			runOnlyForDeploymentPostprocessing = 0;
		};
/* End PBXResourcesBuildPhase section */

/* Begin PBXSourcesBuildPhase section */
		3CDFF5662CB9908800139E7A /* Sources */ = {
			isa = PBXSourcesBuildPhase;
			buildActionMask = 2147483647;
			files = (
				3CDFF5702CB9908800139E7A /* ContentView.swift in Sources */,
				3CDFF56E2CB9908800139E7A /* Test_low_versionApp.swift in Sources */,
			);
			runOnlyForDeploymentPostprocessing = 0;
		};
		3CDFF5772CB9908D00139E7A /* Sources */ = {
			isa = PBXSourcesBuildPhase;
			buildActionMask = 2147483647;
			files = (
				3CDFF5802CB9908D00139E7A /* Test_low_versionTests.swift in Sources */,
			);
			runOnlyForDeploymentPostprocessing = 0;
		};
		3CDFF5812CB9908E00139E7A /* Sources */ = {
			isa = PBXSourcesBuildPhase;
			buildActionMask = 2147483647;
			files = (
				3CDFF58C2CB9908E00139E7A /* Test_low_versionUITestsLaunchTests.swift in Sources */,
				3CDFF58A2CB9908E00139E7A /* Test_low_versionUITests.swift in Sources */,
			);
			runOnlyForDeploymentPostprocessing = 0;
		};
/* End PBXSourcesBuildPhase section */

/* Begin PBXTargetDependency section */
		3CDFF57D2CB9908D00139E7A /* PBXTargetDependency */ = {
			isa = PBXTargetDependency;
			target = 3CDFF5692CB9908800139E7A /* Test-low-version */;
			targetProxy = 3CDFF57C2CB9908D00139E7A /* PBXContainerItemProxy */;
		};
		3CDFF5872CB9908E00139E7A /* PBXTargetDependency */ = {
			isa = PBXTargetDependency;
			target = 3CDFF5692CB9908800139E7A /* Test-low-version */;
			targetProxy = 3CDFF5862CB9908E00139E7A /* PBXContainerItemProxy */;
		};
/* End PBXTargetDependency section */

/* Begin XCBuildConfiguration section */
		3CDFF58D2CB9908E00139E7A /* Debug */ = {
			isa = XCBuildConfiguration;
			buildSettings = {
				ALWAYS_SEARCH_USER_PATHS = NO;
				CLANG_ANALYZER_NONNULL = YES;
				CLANG_ANALYZER_NUMBER_OBJECT_CONVERSION = YES_AGGRESSIVE;
				CLANG_CXX_LANGUAGE_STANDARD = "gnu++20";
				CLANG_ENABLE_MODULES = YES;
				CLANG_ENABLE_OBJC_ARC = YES;
				CLANG_ENABLE_OBJC_WEAK = YES;
				CLANG_WARN_BLOCK_CAPTURE_AUTORELEASING = YES;
				CLANG_WARN_BOOL_CONVERSION = YES;
				CLANG_WARN_COMMA = YES;
				CLANG_WARN_CONSTANT_CONVERSION = YES;
				CLANG_WARN_DEPRECATED_OBJC_IMPLEMENTATIONS = YES;
				CLANG_WARN_DIRECT_OBJC_ISA_USAGE = YES_ERROR;
				CLANG_WARN_DOCUMENTATION_COMMENTS = YES;
				CLANG_WARN_EMPTY_BODY = YES;
				CLANG_WARN_ENUM_CONVERSION = YES;
				CLANG_WARN_INFINITE_RECURSION = YES;
				CLANG_WARN_INT_CONVERSION = YES;
				CLANG_WARN_NON_LITERAL_NULL_CONVERSION = YES;
				CLANG_WARN_OBJC_IMPLICIT_RETAIN_SELF = YES;
				CLANG_WARN_OBJC_LITERAL_CONVERSION = YES;
				CLANG_WARN_OBJC_ROOT_CLASS = YES_ERROR;
				CLANG_WARN_QUOTED_INCLUDE_IN_FRAMEWORK_HEADER = YES;
				CLANG_WARN_RANGE_LOOP_ANALYSIS = YES;
				CLANG_WARN_STRICT_PROTOTYPES = YES;
				CLANG_WARN_SUSPICIOUS_MOVE = YES;
				CLANG_WARN_UNGUARDED_AVAILABILITY = YES_AGGRESSIVE;
				CLANG_WARN_UNREACHABLE_CODE = YES;
				CLANG_WARN__DUPLICATE_METHOD_MATCH = YES;
				COPY_PHASE_STRIP = NO;
				DEBUG_INFORMATION_FORMAT = dwarf;
				ENABLE_STRICT_OBJC_MSGSEND = YES;
				ENABLE_TESTABILITY = YES;
				GCC_C_LANGUAGE_STANDARD = gnu11;
				GCC_DYNAMIC_NO_PIC = NO;
				GCC_NO_COMMON_BLOCKS = YES;
				GCC_OPTIMIZATION_LEVEL = 0;
				GCC_PREPROCESSOR_DEFINITIONS = (
					"DEBUG=1",
					"$(inherited)",
				);
				GCC_WARN_64_TO_32_BIT_CONVERSION = YES;
				GCC_WARN_ABOUT_RETURN_TYPE = YES_ERROR;
				GCC_WARN_UNDECLARED_SELECTOR = YES;
				GCC_WARN_UNINITIALIZED_AUTOS = YES_AGGRESSIVE;
				GCC_WARN_UNUSED_FUNCTION = YES;
				GCC_WARN_UNUSED_VARIABLE = YES;
				MTL_ENABLE_DEBUG_INFO = INCLUDE_SOURCE;
				MTL_FAST_MATH = YES;
				ONLY_ACTIVE_ARCH = YES;
				SWIFT_ACTIVE_COMPILATION_CONDITIONS = DEBUG;
				SWIFT_OPTIMIZATION_LEVEL = "-Onone";
			};
			name = Debug;
		};
		3CDFF58E2CB9908E00139E7A /* Release */ = {
			isa = XCBuildConfiguration;
			buildSettings = {
				ALWAYS_SEARCH_USER_PATHS = NO;
				CLANG_ANALYZER_NONNULL = YES;
				CLANG_ANALYZER_NUMBER_OBJECT_CONVERSION = YES_AGGRESSIVE;
				CLANG_CXX_LANGUAGE_STANDARD = "gnu++20";
				CLANG_ENABLE_MODULES = YES;
				CLANG_ENABLE_OBJC_ARC = YES;
				CLANG_ENABLE_OBJC_WEAK = YES;
				CLANG_WARN_BLOCK_CAPTURE_AUTORELEASING = YES;
				CLANG_WARN_BOOL_CONVERSION = YES;
				CLANG_WARN_COMMA = YES;
				CLANG_WARN_CONSTANT_CONVERSION = YES;
				CLANG_WARN_DEPRECATED_OBJC_IMPLEMENTATIONS = YES;
				CLANG_WARN_DIRECT_OBJC_ISA_USAGE = YES_ERROR;
				CLANG_WARN_DOCUMENTATION_COMMENTS = YES;
				CLANG_WARN_EMPTY_BODY = YES;
				CLANG_WARN_ENUM_CONVERSION = YES;
				CLANG_WARN_INFINITE_RECURSION = YES;
				CLANG_WARN_INT_CONVERSION = YES;
				CLANG_WARN_NON_LITERAL_NULL_CONVERSION = YES;
				CLANG_WARN_OBJC_IMPLICIT_RETAIN_SELF = YES;
				CLANG_WARN_OBJC_LITERAL_CONVERSION = YES;
				CLANG_WARN_OBJC_ROOT_CLASS = YES_ERROR;
				CLANG_WARN_QUOTED_INCLUDE_IN_FRAMEWORK_HEADER = YES;
				CLANG_WARN_RANGE_LOOP_ANALYSIS = YES;
				CLANG_WARN_STRICT_PROTOTYPES = YES;
				CLANG_WARN_SUSPICIOUS_MOVE = YES;
				CLANG_WARN_UNGUARDED_AVAILABILITY = YES_AGGRESSIVE;
				CLANG_WARN_UNREACHABLE_CODE = YES;
				CLANG_WARN__DUPLICATE_METHOD_MATCH = YES;
				COPY_PHASE_STRIP = NO;
				DEBUG_INFORMATION_FORMAT = "dwarf-with-dsym";
				ENABLE_NS_ASSERTIONS = NO;
				ENABLE_STRICT_OBJC_MSGSEND = YES;
				GCC_C_LANGUAGE_STANDARD = gnu11;
				GCC_NO_COMMON_BLOCKS = YES;
				GCC_WARN_64_TO_32_BIT_CONVERSION = YES;
				GCC_WARN_ABOUT_RETURN_TYPE = YES_ERROR;
				GCC_WARN_UNDECLARED_SELECTOR = YES;
				GCC_WARN_UNINITIALIZED_AUTOS = YES_AGGRESSIVE;
				GCC_WARN_UNUSED_FUNCTION = YES;
				GCC_WARN_UNUSED_VARIABLE = YES;
				MTL_ENABLE_DEBUG_INFO = NO;
				MTL_FAST_MATH = YES;
				SWIFT_COMPILATION_MODE = wholemodule;
				SWIFT_OPTIMIZATION_LEVEL = "-O";
			};
			name = Release;
		};
		3CDFF5902CB9908E00139E7A /* Debug */ = {
			isa = XCBuildConfiguration;
			buildSettings = {
				ASSETCATALOG_COMPILER_APPICON_NAME = AppIcon;
				ASSETCATALOG_COMPILER_GLOBAL_ACCENT_COLOR_NAME = AccentColor;
				CODE_SIGN_ENTITLEMENTS = "Test-low-version/Test_low_version.entitlements";
				CODE_SIGN_STYLE = Automatic;
				CURRENT_PROJECT_VERSION = 1;
				DEVELOPMENT_ASSET_PATHS = "\"Test-low-version/Preview Content\"";
				ENABLE_PREVIEWS = YES;
				GENERATE_INFOPLIST_FILE = YES;
				"INFOPLIST_KEY_UIApplicationSceneManifest_Generation[sdk=iphoneos*]" = YES;
				"INFOPLIST_KEY_UIApplicationSceneManifest_Generation[sdk=iphonesimulator*]" = YES;
				"INFOPLIST_KEY_UIApplicationSupportsIndirectInputEvents[sdk=iphoneos*]" = YES;
				"INFOPLIST_KEY_UIApplicationSupportsIndirectInputEvents[sdk=iphonesimulator*]" = YES;
				"INFOPLIST_KEY_UILaunchScreen_Generation[sdk=iphoneos*]" = YES;
				"INFOPLIST_KEY_UILaunchScreen_Generation[sdk=iphonesimulator*]" = YES;
				"INFOPLIST_KEY_UIStatusBarStyle[sdk=iphoneos*]" = UIStatusBarStyleDefault;
				"INFOPLIST_KEY_UIStatusBarStyle[sdk=iphonesimulator*]" = UIStatusBarStyleDefault;
				INFOPLIST_KEY_UISupportedInterfaceOrientations_iPad = "UIInterfaceOrientationPortrait UIInterfaceOrientationPortraitUpsideDown UIInterfaceOrientationLandscapeLeft UIInterfaceOrientationLandscapeRight";
				INFOPLIST_KEY_UISupportedInterfaceOrientations_iPhone = "UIInterfaceOrientationPortrait UIInterfaceOrientationLandscapeLeft UIInterfaceOrientationLandscapeRight";
				IPHONEOS_DEPLOYMENT_TARGET = 16.4;
				LD_RUNPATH_SEARCH_PATHS = "@executable_path/Frameworks";
				"LD_RUNPATH_SEARCH_PATHS[sdk=macosx*]" = "@executable_path/../Frameworks";
				MACOSX_DEPLOYMENT_TARGET = 13.0;
				MARKETING_VERSION = 1.0;
				PRODUCT_BUNDLE_IDENTIFIER = "nim.Test-low-version";
				PRODUCT_NAME = "$(TARGET_NAME)";
				SDKROOT = auto;
				SUPPORTED_PLATFORMS = "iphoneos iphonesimulator macosx";
				SWIFT_EMIT_LOC_STRINGS = YES;
				SWIFT_VERSION = 5.0;
				TARGETED_DEVICE_FAMILY = "1,2";
			};
			name = Debug;
		};
		3CDFF5912CB9908E00139E7A /* Release */ = {
			isa = XCBuildConfiguration;
			buildSettings = {
				ASSETCATALOG_COMPILER_APPICON_NAME = AppIcon;
				ASSETCATALOG_COMPILER_GLOBAL_ACCENT_COLOR_NAME = AccentColor;
				CODE_SIGN_ENTITLEMENTS = "Test-low-version/Test_low_version.entitlements";
				CODE_SIGN_STYLE = Automatic;
				CURRENT_PROJECT_VERSION = 1;
				DEVELOPMENT_ASSET_PATHS = "\"Test-low-version/Preview Content\"";
				ENABLE_PREVIEWS = YES;
				GENERATE_INFOPLIST_FILE = YES;
				"INFOPLIST_KEY_UIApplicationSceneManifest_Generation[sdk=iphoneos*]" = YES;
				"INFOPLIST_KEY_UIApplicationSceneManifest_Generation[sdk=iphonesimulator*]" = YES;
				"INFOPLIST_KEY_UIApplicationSupportsIndirectInputEvents[sdk=iphoneos*]" = YES;
				"INFOPLIST_KEY_UIApplicationSupportsIndirectInputEvents[sdk=iphonesimulator*]" = YES;
				"INFOPLIST_KEY_UILaunchScreen_Generation[sdk=iphoneos*]" = YES;
				"INFOPLIST_KEY_UILaunchScreen_Generation[sdk=iphonesimulator*]" = YES;
				"INFOPLIST_KEY_UIStatusBarStyle[sdk=iphoneos*]" = UIStatusBarStyleDefault;
				"INFOPLIST_KEY_UIStatusBarStyle[sdk=iphonesimulator*]" = UIStatusBarStyleDefault;
				INFOPLIST_KEY_UISupportedInterfaceOrientations_iPad = "UIInterfaceOrientationPortrait UIInterfaceOrientationPortraitUpsideDown UIInterfaceOrientationLandscapeLeft UIInterfaceOrientationLandscapeRight";
				INFOPLIST_KEY_UISupportedInterfaceOrientations_iPhone = "UIInterfaceOrientationPortrait UIInterfaceOrientationLandscapeLeft UIInterfaceOrientationLandscapeRight";
				IPHONEOS_DEPLOYMENT_TARGET = 16.4;
				LD_RUNPATH_SEARCH_PATHS = "@executable_path/Frameworks";
				"LD_RUNPATH_SEARCH_PATHS[sdk=macosx*]" = "@executable_path/../Frameworks";
				MACOSX_DEPLOYMENT_TARGET = 13.0;
				MARKETING_VERSION = 1.0;
				PRODUCT_BUNDLE_IDENTIFIER = "nim.Test-low-version";
				PRODUCT_NAME = "$(TARGET_NAME)";
				SDKROOT = auto;
				SUPPORTED_PLATFORMS = "iphoneos iphonesimulator macosx";
				SWIFT_EMIT_LOC_STRINGS = YES;
				SWIFT_VERSION = 5.0;
				TARGETED_DEVICE_FAMILY = "1,2";
			};
			name = Release;
		};
		3CDFF5932CB9908E00139E7A /* Debug */ = {
			isa = XCBuildConfiguration;
			buildSettings = {
				ALWAYS_EMBED_SWIFT_STANDARD_LIBRARIES = YES;
				BUNDLE_LOADER = "$(TEST_HOST)";
				CODE_SIGN_STYLE = Automatic;
				CURRENT_PROJECT_VERSION = 1;
				GENERATE_INFOPLIST_FILE = YES;
				IPHONEOS_DEPLOYMENT_TARGET = 16.4;
				MACOSX_DEPLOYMENT_TARGET = 13.0;
				MARKETING_VERSION = 1.0;
				PRODUCT_BUNDLE_IDENTIFIER = "nim.Test-low-versionTests";
				PRODUCT_NAME = "$(TARGET_NAME)";
				SDKROOT = auto;
				SUPPORTED_PLATFORMS = "iphoneos iphonesimulator macosx";
				SWIFT_EMIT_LOC_STRINGS = NO;
				SWIFT_VERSION = 5.0;
				TARGETED_DEVICE_FAMILY = "1,2";
				TEST_HOST = "$(BUILT_PRODUCTS_DIR)/Test-low-version.app/$(BUNDLE_EXECUTABLE_FOLDER_PATH)/Test-low-version";
			};
			name = Debug;
		};
		3CDFF5942CB9908E00139E7A /* Release */ = {
			isa = XCBuildConfiguration;
			buildSettings = {
				ALWAYS_EMBED_SWIFT_STANDARD_LIBRARIES = YES;
				BUNDLE_LOADER = "$(TEST_HOST)";
				CODE_SIGN_STYLE = Automatic;
				CURRENT_PROJECT_VERSION = 1;
				GENERATE_INFOPLIST_FILE = YES;
				IPHONEOS_DEPLOYMENT_TARGET = 16.4;
				MACOSX_DEPLOYMENT_TARGET = 13.0;
				MARKETING_VERSION = 1.0;
				PRODUCT_BUNDLE_IDENTIFIER = "nim.Test-low-versionTests";
				PRODUCT_NAME = "$(TARGET_NAME)";
				SDKROOT = auto;
				SUPPORTED_PLATFORMS = "iphoneos iphonesimulator macosx";
				SWIFT_EMIT_LOC_STRINGS = NO;
				SWIFT_VERSION = 5.0;
				TARGETED_DEVICE_FAMILY = "1,2";
				TEST_HOST = "$(BUILT_PRODUCTS_DIR)/Test-low-version.app/$(BUNDLE_EXECUTABLE_FOLDER_PATH)/Test-low-version";
			};
			name = Release;
		};
		3CDFF5962CB9908E00139E7A /* Debug */ = {
			isa = XCBuildConfiguration;
			buildSettings = {
				ALWAYS_EMBED_SWIFT_STANDARD_LIBRARIES = YES;
				CODE_SIGN_STYLE = Automatic;
				CURRENT_PROJECT_VERSION = 1;
				GENERATE_INFOPLIST_FILE = YES;
				IPHONEOS_DEPLOYMENT_TARGET = 16.4;
				MACOSX_DEPLOYMENT_TARGET = 13.0;
				MARKETING_VERSION = 1.0;
				PRODUCT_BUNDLE_IDENTIFIER = "nim.Test-low-versionUITests";
				PRODUCT_NAME = "$(TARGET_NAME)";
				SDKROOT = auto;
				SUPPORTED_PLATFORMS = "iphoneos iphonesimulator macosx";
				SWIFT_EMIT_LOC_STRINGS = NO;
				SWIFT_VERSION = 5.0;
				TARGETED_DEVICE_FAMILY = "1,2";
				TEST_TARGET_NAME = "Test-low-version";
			};
			name = Debug;
		};
		3CDFF5972CB9908E00139E7A /* Release */ = {
			isa = XCBuildConfiguration;
			buildSettings = {
				ALWAYS_EMBED_SWIFT_STANDARD_LIBRARIES = YES;
				CODE_SIGN_STYLE = Automatic;
				CURRENT_PROJECT_VERSION = 1;
				GENERATE_INFOPLIST_FILE = YES;
				IPHONEOS_DEPLOYMENT_TARGET = 16.4;
				MACOSX_DEPLOYMENT_TARGET = 13.0;
				MARKETING_VERSION = 1.0;
				PRODUCT_BUNDLE_IDENTIFIER = "nim.Test-low-versionUITests";
				PRODUCT_NAME = "$(TARGET_NAME)";
				SDKROOT = auto;
				SUPPORTED_PLATFORMS = "iphoneos iphonesimulator macosx";
				SWIFT_EMIT_LOC_STRINGS = NO;
				SWIFT_VERSION = 5.0;
				TARGETED_DEVICE_FAMILY = "1,2";
				TEST_TARGET_NAME = "Test-low-version";
			};
			name = Release;
		};
/* End XCBuildConfiguration section */

/* Begin XCConfigurationList section */
		3CDFF5652CB9908700139E7A /* Build configuration list for PBXProject "Test-low-version" */ = {
			isa = XCConfigurationList;
			buildConfigurations = (
				3CDFF58D2CB9908E00139E7A /* Debug */,
				3CDFF58E2CB9908E00139E7A /* Release */,
			);
			defaultConfigurationIsVisible = 0;
			defaultConfigurationName = Release;
		};
		3CDFF58F2CB9908E00139E7A /* Build configuration list for PBXNativeTarget "Test-low-version" */ = {
			isa = XCConfigurationList;
			buildConfigurations = (
				3CDFF5902CB9908E00139E7A /* Debug */,
				3CDFF5912CB9908E00139E7A /* Release */,
			);
			defaultConfigurationIsVisible = 0;
			defaultConfigurationName = Release;
		};
		3CDFF5922CB9908E00139E7A /* Build configuration list for PBXNativeTarget "Test-low-versionTests" */ = {
			isa = XCConfigurationList;
			buildConfigurations = (
				3CDFF5932CB9908E00139E7A /* Debug */,
				3CDFF5942CB9908E00139E7A /* Release */,
			);
			defaultConfigurationIsVisible = 0;
			defaultConfigurationName = Release;
		};
		3CDFF5952CB9908E00139E7A /* Build configuration list for PBXNativeTarget "Test-low-versionUITests" */ = {
			isa = XCConfigurationList;
			buildConfigurations = (
				3CDFF5962CB9908E00139E7A /* Debug */,
				3CDFF5972CB9908E00139E7A /* Release */,
			);
			defaultConfigurationIsVisible = 0;
			defaultConfigurationName = Release;
		};
/* End XCConfigurationList section */
	};
	rootObject = 3CDFF5622CB9908700139E7A /* Project object */;
}
